
Microsoft Visual Studio Solution File, Format Version 12.00
# Visual Studio 15
VisualStudioVersion = 15.0.26124.0
MinimumVisualStudioVersion = 15.0.26124.0
Project("{2150E333-8FDC-42A3-9474-1A3956D46DE8}") = "src", "src", "{3C1ACC39-1814-420C-86AD-DB2F99024A5B}"
EndProject
Project("{FAE04EC0-301F-11D3-BF4B-00C04F79EFBC}") = "GradeBook", "src\GradeBook\GradeBook.csproj", "{6A75CBA3-C459-4425-BB1F-D9706587D69E}"
EndProject
Project("{2150E333-8FDC-42A3-9474-1A3956D46DE8}") = "test", "test", "{757E80A5-B139-4576-8119-38DD706DA32C}"
EndProject
Project("{FAE04EC0-301F-11D3-BF4B-00C04F79EFBC}") = "GradeBook.Tests", "test\GradeBook.Tests\GradeBook.Tests.csproj", "{5F4CF01D-A7EF-4780-8FE5-A021663B758C}"
EndProject
Global
	GlobalSection(SolutionConfigurationPlatforms) = preSolution
		Debug|Any CPU = Debug|Any CPU
		Debug|x64 = Debug|x64
		Debug|x86 = Debug|x86
		Release|Any CPU = Release|Any CPU
		Release|x64 = Release|x64
		Release|x86 = Release|x86
	EndGlobalSection
	GlobalSection(SolutionProperties) = preSolution
		HideSolutionNode = FALSE
	EndGlobalSection
	GlobalSection(ProjectConfigurationPlatforms) = postSolution
		{6A75CBA3-C459-4425-BB1F-D9706587D69E}.Debug|Any CPU.ActiveCfg = Debug|Any CPU
		{6A75CBA3-C459-4425-BB1F-D9706587D69E}.Debug|Any CPU.Build.0 = Debug|Any CPU
		{6A75CBA3-C459-4425-BB1F-D9706587D69E}.Debug|x64.ActiveCfg = Debug|Any CPU
		{6A75CBA3-C459-4425-BB1F-D9706587D69E}.Debug|x64.Build.0 = Debug|Any CPU
		{6A75CBA3-C459-4425-BB1F-D9706587D69E}.Debug|x86.ActiveCfg = Debug|Any CPU
		{6A75CBA3-C459-4425-BB1F-D9706587D69E}.Debug|x86.Build.0 = Debug|Any CPU
		{6A75CBA3-C459-4425-BB1F-D9706587D69E}.Release|Any CPU.ActiveCfg = Release|Any CPU
		{6A75CBA3-C459-4425-BB1F-D9706587D69E}.Release|Any CPU.Build.0 = Release|Any CPU
		{6A75CBA3-C459-4425-BB1F-D9706587D69E}.Release|x64.ActiveCfg = Release|Any CPU
		{6A75CBA3-C459-4425-BB1F-D9706587D69E}.Release|x64.Build.0 = Release|Any CPU
		{6A75CBA3-C459-4425-BB1F-D9706587D69E}.Release|x86.ActiveCfg = Release|Any CPU
		{6A75CBA3-C459-4425-BB1F-D9706587D69E}.Release|x86.Build.0 = Release|Any CPU
		{5F4CF01D-A7EF-4780-8FE5-A021663B758C}.Debug|Any CPU.ActiveCfg = Debug|Any CPU
		{5F4CF01D-A7EF-4780-8FE5-A021663B758C}.Debug|Any CPU.Build.0 = Debug|Any CPU
		{5F4CF01D-A7EF-4780-8FE5-A021663B758C}.Debug|x64.ActiveCfg = Debug|Any CPU
		{5F4CF01D-A7EF-4780-8FE5-A021663B758C}.Debug|x64.Build.0 = Debug|Any CPU
		{5F4CF01D-A7EF-4780-8FE5-A021663B758C}.Debug|x86.ActiveCfg = Debug|Any CPU
		{5F4CF01D-A7EF-4780-8FE5-A021663B758C}.Debug|x86.Build.0 = Debug|Any CPU
		{5F4CF01D-A7EF-4780-8FE5-A021663B758C}.Release|Any CPU.ActiveCfg = Release|Any CPU
		{5F4CF01D-A7EF-4780-8FE5-A021663B758C}.Release|Any CPU.Build.0 = Release|Any CPU
		{5F4CF01D-A7EF-4780-8FE5-A021663B758C}.Release|x64.ActiveCfg = Release|Any CPU
		{5F4CF01D-A7EF-4780-8FE5-A021663B758C}.Release|x64.Build.0 = Release|Any CPU
		{5F4CF01D-A7EF-4780-8FE5-A021663B758C}.Release|x86.ActiveCfg = Release|Any CPU
		{5F4CF01D-A7EF-4780-8FE5-A021663B758C}.Release|x86.Build.0 = Release|Any CPU
	EndGlobalSection
	GlobalSection(NestedProjects) = preSolution
		{6A75CBA3-C459-4425-BB1F-D9706587D69E} = {3C1ACC39-1814-420C-86AD-DB2F99024A5B}
		{5F4CF01D-A7EF-4780-8FE5-A021663B758C} = {757E80A5-B139-4576-8119-38DD706DA32C}
	EndGlobalSection
EndGlobal
